# THIS IS AN AUTOGENERATED FILE. DO NOT EDIT THIS FILE DIRECTLY.
# yarn lockfile v1


"@azure/msal-browser@^2.28.3":
  version "2.28.3"
  resolved "https://registry.yarnpkg.com/@azure/msal-browser/-/msal-browser-2.28.3.tgz#7cd35e632ea74a2ef5f9939fdce8757ffb93487f"
  integrity sha512-2SdyH2el3s8BzPURf9RK17BvvXvaMEGpLc3D9WilZcmjJqP4nStVH7Ogwr/SNTuGV48FUhqEkP0RxDvzuFJSIw==
  dependencies:
    "@azure/msal-common" "^7.4.1"

"@azure/msal-common@^7.4.1":
  version "7.4.1"
  resolved "https://registry.yarnpkg.com/@azure/msal-common/-/msal-common-7.4.1.tgz#204c32d247336d7e334984e599bfd63156554f83"
  integrity sha512-zxcxg9pRdgGTS5mrRJeQvwA8aIjD8qSGzaAiz5SeTVkyhtjB0AeFnAcvBOKHv/TkswWNfYKpERxsXOAKXkXk0w==

"@azure/msal-react@^1.4.7":
  version "1.4.7"
  resolved "https://registry.yarnpkg.com/@azure/msal-react/-/msal-react-1.4.7.tgz#82e10dd1b02cf65a32c7994169841b24df4e9334"
  integrity sha512-ojJ67If4wj/GyTkDpiASHKu9HPKoGoqhIkqAcy3tpH7srdiQDuMVn3fGHpULe4oL4PD2dC1UyE2YucgU+0DwZQ==
